{
  "checksum": "75fea64a7312045412d70dcdba729ae987220a71dfae9ce2bd6147b6b38ffa02",
  "conditions": {
    "aarch64-apple-darwin": [
      "aarch64-apple-darwin"
    ],
    "aarch64-unknown-linux-gnu": [
      "aarch64-unknown-linux-gnu"
    ],
    "cfg(any())": [],
    "cfg(target_os = \"wasi\")": [
      "wasm32-wasip1"
    ],
    "cfg(unix)": [
      "aarch64-apple-darwin",
      "aarch64-unknown-linux-gnu",
      "x86_64-unknown-linux-gnu",
      "x86_64-unknown-nixos-gnu"
    ],
    "wasm32-unknown-unknown": [
      "wasm32-unknown-unknown"
    ],
    "wasm32-wasip1": [
      "wasm32-wasip1"
    ],
    "x86_64-pc-windows-msvc": [
      "x86_64-pc-windows-msvc"
    ],
    "x86_64-unknown-linux-gnu": [
      "x86_64-unknown-linux-gnu",
      "x86_64-unknown-nixos-gnu"
    ],
    "x86_64-unknown-nixos-gnu": [
      "x86_64-unknown-nixos-gnu"
    ]
  },
  "crates": {
    "cfg-if 1.0.4": {
      "common_attrs": {
        "edition": "2018"
      },
      "library_target_name": "cfg_if",
      "license": "MIT OR Apache-2.0",
      "license_file": "LICENSE-APACHE",
      "license_ids": [
        "Apache-2.0",
        "MIT"
      ],
      "name": "cfg-if",
      "package_url": "https://github.com/rust-lang/cfg-if",
      "repository": {
        "Http": {
          "sha256": "9330f8b2ff13f34540b44e946ef35111825727b38d33286ef986142615121801",
          "url": "https://static.crates.io/crates/cfg-if/1.0.4/download"
        }
      },
      "targets": [
        {
          "Library": {
            "crate_name": "cfg_if",
            "crate_root": "src/lib.rs"
          }
        }
      ],
      "version": "1.0.4"
    },
    "fibonacci 0.1.0": {
      "common_attrs": {
        "edition": "2024"
      },
      "name": "fibonacci",
      "repository": null,
      "targets": [],
      "version": "0.1.0"
    },
    "getrandom 0.2.17": {
      "common_attrs": {
        "crate_features": [
          "std"
        ],
        "deps": {
          "common": [
            {
              "id": "cfg-if 1.0.4",
              "target": "cfg_if"
            }
          ],
          "selects": {
            "cfg(target_os = \"wasi\")": [
              {
                "id": "wasi 0.11.1+wasi-snapshot-preview1",
                "target": "wasi"
              }
            ],
            "cfg(unix)": [
              {
                "id": "libc 0.2.189",
                "target": "libc"
              }
            ]
          }
        },
        "edition": "2018"
      },
      "library_target_name": "getrandom",
      "license": "MIT OR Apache-2.0",
      "license_file": "LICENSE-APACHE",
      "license_ids": [
        "Apache-2.0",
        "MIT"
      ],
      "name": "getrandom",
      "package_url": "https://github.com/rust-random/getrandom",
      "repository": {
        "Http": {
          "sha256": "ff2abc00be7fca6ebc474524697ae276ad847ad0a6b3faa4bcb027e9a4614ad0",
          "url": "https://static.crates.io/crates/getrandom/0.2.17/download"
        }
      },
      "targets": [
        {
          "Library": {
            "crate_name": "getrandom",
            "crate_root": "src/lib.rs"
          }
        }
      ],
      "version": "0.2.17"
    },
    "guessing_game 0.1.0": {
      "common_attrs": {
        "deps": [
          {
            "id": "rand 0.8.8",
            "target": "rand"
          }
        ],
        "edition": "2024"
      },
      "name": "guessing_game",
      "repository": null,
      "targets": [],
      "version": "0.1.0"
    },
    "hello_cargo 0.1.0": {
      "common_attrs": {
        "edition": "2024"
      },
      "name": "hello_cargo",
      "repository": null,
      "targets": [],
      "version": "0.1.0"
    },
    "hello_world 0.1.0": {
      "common_attrs": {
        "edition": "2024"
      },
      "name": "hello_world",
      "repository": null,
      "targets": [],
      "version": "0.1.0"
    },
    "libc 0.2.189": {
      "build_script_attrs": {},
      "common_attrs": {
        "edition": "2021",
        "extra_deps": [
          ":build_script_build"
        ]
      },
      "library_target_name": "libc",
      "license": "MIT OR Apache-2.0",
      "license_file": "LICENSE-APACHE",
      "license_ids": [
        "Apache-2.0",
        "MIT"
      ],
      "name": "libc",
      "package_url": "https://github.com/rust-lang/libc",
      "repository": {
        "Http": {
          "sha256": "3eaf3ede3fee6db1a4c2ee091bf8a8b4dccdc6d17f656fb07896ee72867612f2",
          "url": "https://static.crates.io/crates/libc/0.2.189/download"
        }
      },
      "targets": [
        {
          "Library": {
            "crate_name": "libc",
            "crate_root": "src/lib.rs"
          }
        },
        {
          "BuildScript": {
            "crate_name": "build_script_build",
            "crate_root": "build.rs"
          }
        }
      ],
      "version": "0.2.189"
    },
    "ppv-lite86 0.2.21": {
      "common_attrs": {
        "crate_features": [
          "simd",
          "std"
        ],
        "deps": [
          {
            "id": "zerocopy 0.8.57",
            "target": "zerocopy"
          }
        ],
        "edition": "2021"
      },
      "library_target_name": "ppv_lite86",
      "license": "MIT OR Apache-2.0",
      "license_file": "LICENSE-APACHE",
      "license_ids": [
        "Apache-2.0",
        "MIT"
      ],
      "name": "ppv-lite86",
      "package_url": "https://github.com/cryptocorrosion/cryptocorrosion",
      "repository": {
        "Http": {
          "sha256": "85eae3c4ed2f50dcfe72643da4befc30deadb458a9b590d720cde2f2b1e97da9",
          "url": "https://static.crates.io/crates/ppv-lite86/0.2.21/download"
        }
      },
      "targets": [
        {
          "Library": {
            "crate_name": "ppv_lite86",
            "crate_root": "src/lib.rs"
          }
        }
      ],
      "version": "0.2.21"
    },
    "proc-macro2 1.0.107": {
      "build_script_attrs": {},
      "common_attrs": {
        "crate_features": [
          "default",
          "proc-macro"
        ],
        "deps": [
          {
            "id": "unicode-ident 1.0.24",
            "target": "unicode_ident"
          }
        ],
        "edition": "2021",
        "extra_deps": [
          ":build_script_build"
        ]
      },
      "library_target_name": "proc_macro2",
      "license": "MIT OR Apache-2.0",
      "license_file": "LICENSE-APACHE",
      "license_ids": [
        "Apache-2.0",
        "MIT"
      ],
      "name": "proc-macro2",
      "package_url": "https://github.com/dtolnay/proc-macro2",
      "repository": {
        "Http": {
          "sha256": "985e7ec9bb745e6ce6535b544d84d6cd6f7ad8bd711c398938ae983b91a766d9",
          "url": "https://static.crates.io/crates/proc-macro2/1.0.107/download"
        }
      },
      "targets": [
        {
          "Library": {
            "crate_name": "proc_macro2",
            "crate_root": "src/lib.rs"
          }
        },
        {
          "BuildScript": {
            "crate_name": "build_script_build",
            "crate_root": "build.rs"
          }
        }
      ],
      "version": "1.0.107"
    },
    "quote 1.0.47": {
      "build_script_attrs": {},
      "common_attrs": {
        "crate_features": [
          "default",
          "proc-macro"
        ],
        "deps": [
          {
            "id": "proc-macro2 1.0.107",
            "target": "proc_macro2"
          }
        ],
        "edition": "2021",
        "extra_deps": [
          ":build_script_build"
        ]
      },
      "library_target_name": "quote",
      "license": "MIT OR Apache-2.0",
      "license_file": "LICENSE-APACHE",
      "license_ids": [
        "Apache-2.0",
        "MIT"
      ],
      "name": "quote",
      "package_url": "https://github.com/dtolnay/quote",
      "repository": {
        "Http": {
          "sha256": "1fbf4db142a473a8d80c26bbf18454ed458bf8d26c8219c331daecfdbd079001",
          "url": "https://static.crates.io/crates/quote/1.0.47/download"
        }
      },
      "targets": [
        {
          "Library": {
            "crate_name": "quote",
            "crate_root": "src/lib.rs"
          }
        },
        {
          "BuildScript": {
            "crate_name": "build_script_build",
            "crate_root": "build.rs"
          }
        }
      ],
      "version": "1.0.47"
    },
    "rand 0.8.8": {
      "common_attrs": {
        "crate_features": [
          "alloc",
          "default",
          "getrandom",
          "libc",
          "rand_chacha",
          "std",
          "std_rng"
        ],
        "deps": {
          "common": [
            {
              "id": "rand_chacha 0.3.1",
              "target": "rand_chacha"
            },
            {
              "id": "rand_core 0.6.4",
              "target": "rand_core"
            }
          ],
          "selects": {
            "aarch64-apple-darwin": [
              {
                "id": "libc 0.2.189",
                "target": "libc"
              }
            ],
            "aarch64-unknown-linux-gnu": [
              {
                "id": "libc 0.2.189",
                "target": "libc"
              }
            ],
            "x86_64-unknown-linux-gnu": [
              {
                "id": "libc 0.2.189",
                "target": "libc"
              }
            ],
            "x86_64-unknown-nixos-gnu": [
              {
                "id": "libc 0.2.189",
                "target": "libc"
              }
            ]
          }
        },
        "edition": "2018"
      },
      "library_target_name": "rand",
      "license": "MIT OR Apache-2.0",
      "license_file": "LICENSE-APACHE",
      "license_ids": [
        "Apache-2.0",
        "MIT"
      ],
      "name": "rand",
      "package_url": "https://github.com/rust-random/rand",
      "repository": {
        "Http": {
          "sha256": "e058c7de0b26af77780c769414d6257830bb240f3c38477dbc2c16e5f54d6d4c",
          "url": "https://static.crates.io/crates/rand/0.8.8/download"
        }
      },
      "targets": [
        {
          "Library": {
            "crate_name": "rand",
            "crate_root": "src/lib.rs"
          }
        }
      ],
      "version": "0.8.8"
    },
    "rand_chacha 0.3.1": {
      "common_attrs": {
        "crate_features": [
          "std"
        ],
        "deps": [
          {
            "id": "ppv-lite86 0.2.21",
            "target": "ppv_lite86"
          },
          {
            "id": "rand_core 0.6.4",
            "target": "rand_core"
          }
        ],
        "edition": "2018"
      },
      "library_target_name": "rand_chacha",
      "license": "MIT OR Apache-2.0",
      "license_file": "LICENSE-APACHE",
      "license_ids": [
        "Apache-2.0",
        "MIT"
      ],
      "name": "rand_chacha",
      "package_url": "https://github.com/rust-random/rand",
      "repository": {
        "Http": {
          "sha256": "e6c10a63a0fa32252be49d21e7709d4d4baf8d231c2dbce1eaa8141b9b127d88",
          "url": "https://static.crates.io/crates/rand_chacha/0.3.1/download"
        }
      },
      "targets": [
        {
          "Library": {
            "crate_name": "rand_chacha",
            "crate_root": "src/lib.rs"
          }
        }
      ],
      "version": "0.3.1"
    },
    "rand_core 0.6.4": {
      "common_attrs": {
        "crate_features": [
          "alloc",
          "getrandom",
          "std"
        ],
        "deps": [
          {
            "id": "getrandom 0.2.17",
            "target": "getrandom"
          }
        ],
        "edition": "2018"
      },
      "library_target_name": "rand_core",
      "license": "MIT OR Apache-2.0",
      "license_file": "LICENSE-APACHE",
      "license_ids": [
        "Apache-2.0",
        "MIT"
      ],
      "name": "rand_core",
      "package_url": "https://github.com/rust-random/rand",
      "repository": {
        "Http": {
          "sha256": "ec0be4795e2f6a28069bec0b5ff3e2ac9bafc99e6a9a7dc3547996c5c816922c",
          "url": "https://static.crates.io/crates/rand_core/0.6.4/download"
        }
      },
      "targets": [
        {
          "Library": {
            "crate_name": "rand_core",
            "crate_root": "src/lib.rs"
          }
        }
      ],
      "version": "0.6.4"
    },
    "syn 2.0.119": {
      "common_attrs": {
        "crate_features": [
          "clone-impls",
          "default",
          "derive",
          "full",
          "parsing",
          "printing",
          "proc-macro"
        ],
        "deps": [
          {
            "id": "proc-macro2 1.0.107",
            "target": "proc_macro2"
          },
          {
            "id": "quote 1.0.47",
            "target": "quote"
          },
          {
            "id": "unicode-ident 1.0.24",
            "target": "unicode_ident"
          }
        ],
        "edition": "2021"
      },
      "library_target_name": "syn",
      "license": "MIT OR Apache-2.0",
      "license_file": "LICENSE-APACHE",
      "license_ids": [
        "Apache-2.0",
        "MIT"
      ],
      "name": "syn",
      "package_url": "https://github.com/dtolnay/syn",
      "repository": {
        "Http": {
          "sha256": "872831b642d1a07999a962a351ed35b955ea2cfc8f3862091e2a240a84f17297",
          "url": "https://static.crates.io/crates/syn/2.0.119/download"
        }
      },
      "targets": [
        {
          "Library": {
            "crate_name": "syn",
            "crate_root": "src/lib.rs"
          }
        }
      ],
      "version": "2.0.119"
    },
    "unicode-ident 1.0.24": {
      "common_attrs": {
        "edition": "2021"
      },
      "library_target_name": "unicode_ident",
      "license": "(MIT OR Apache-2.0) AND Unicode-3.0",
      "license_file": "LICENSE-APACHE",
      "license_ids": [
        "Apache-2.0",
        "MIT",
        "Unicode-3.0"
      ],
      "name": "unicode-ident",
      "package_url": "https://github.com/dtolnay/unicode-ident",
      "repository": {
        "Http": {
          "sha256": "e6e4313cd5fcd3dad5cafa179702e2b244f760991f45397d14d4ebf38247da75",
          "url": "https://static.crates.io/crates/unicode-ident/1.0.24/download"
        }
      },
      "targets": [
        {
          "Library": {
            "crate_name": "unicode_ident",
            "crate_root": "src/lib.rs"
          }
        }
      ],
      "version": "1.0.24"
    },
    "wasi 0.11.1+wasi-snapshot-preview1": {
      "common_attrs": {
        "edition": "2018"
      },
      "library_target_name": "wasi",
      "license": "Apache-2.0 WITH LLVM-exception OR Apache-2.0 OR MIT",
      "license_file": "LICENSE-APACHE",
      "license_ids": [
        "Apache-2.0",
        "MIT"
      ],
      "name": "wasi",
      "package_url": "https://github.com/bytecodealliance/wasi",
      "repository": {
        "Http": {
          "sha256": "ccf3ec651a847eb01de73ccad15eb7d99f80485de043efb2f370cd654f4ea44b",
          "url": "https://static.crates.io/crates/wasi/0.11.1+wasi-snapshot-preview1/download"
        }
      },
      "targets": [
        {
          "Library": {
            "crate_name": "wasi",
            "crate_root": "src/lib.rs"
          }
        }
      ],
      "version": "0.11.1+wasi-snapshot-preview1"
    },
    "zerocopy 0.8.57": {
      "build_script_attrs": {},
      "common_attrs": {
        "crate_features": [
          "simd"
        ],
        "edition": "2021",
        "extra_deps": [
          ":build_script_build"
        ],
        "proc_macro_deps": {
          "common": [],
          "selects": {
            "cfg(any())": [
              {
                "id": "zerocopy-derive 0.8.57",
                "target": "zerocopy_derive"
              }
            ]
          }
        }
      },
      "library_target_name": "zerocopy",
      "license": "BSD-2-Clause OR Apache-2.0 OR MIT",
      "license_file": "LICENSE-APACHE",
      "license_ids": [
        "Apache-2.0",
        "BSD-2-Clause",
        "MIT"
      ],
      "name": "zerocopy",
      "package_url": "https://github.com/google/zerocopy",
      "repository": {
        "Http": {
          "sha256": "d35102a9f36d089ccae9e4c6802bc118be4487b80aaffc0ab4e0cf5ce92d2873",
          "url": "https://static.crates.io/crates/zerocopy/0.8.57/download"
        }
      },
      "targets": [
        {
          "Library": {
            "crate_name": "zerocopy",
            "crate_root": "src/lib.rs"
          }
        },
        {
          "BuildScript": {
            "crate_name": "build_script_build",
            "crate_root": "build.rs"
          }
        }
      ],
      "version": "0.8.57"
    },
    "zerocopy-derive 0.8.57": {
      "common_attrs": {
        "deps": [
          {
            "id": "proc-macro2 1.0.107",
            "target": "proc_macro2"
          },
          {
            "id": "quote 1.0.47",
            "target": "quote"
          },
          {
            "id": "syn 2.0.119",
            "target": "syn"
          }
        ],
        "edition": "2021"
      },
      "library_target_name": "zerocopy_derive",
      "license": "BSD-2-Clause OR Apache-2.0 OR MIT",
      "license_file": "LICENSE-APACHE",
      "license_ids": [
        "Apache-2.0",
        "BSD-2-Clause",
        "MIT"
      ],
      "name": "zerocopy-derive",
      "package_url": "https://github.com/google/zerocopy",
      "repository": {
        "Http": {
          "sha256": "146c01f5ab44258da43cf276c74a2763db2ff3969c9c652c3f2de07041d0b2bc",
          "url": "https://static.crates.io/crates/zerocopy-derive/0.8.57/download"
        }
      },
      "targets": [
        {
          "ProcMacro": {
            "crate_name": "zerocopy_derive",
            "crate_root": "src/lib.rs"
          }
        }
      ],
      "version": "0.8.57"
    }
  },
  "direct_deps": [
    "rand 0.8.8"
  ],
  "direct_dev_deps": [],
  "workspace_members": {
    "fibonacci 0.1.0": "projects/fibonacci",
    "guessing_game 0.1.0": "projects/guessing_game",
    "hello_cargo 0.1.0": "projects/hello_cargo",
    "hello_world 0.1.0": "projects/hello_world"
  }
}
